
Microsoft Visual Studio Solution File, Format Version 12.00
# Visual Studio Version 16
VisualStudioVersion = 25.0.1706.6
MinimumVisualStudioVersion = 10.0.40219.1
Project("{FAE04EC0-301F-11D3-BF4B-00C04F79EFBC}") = "TeamProject", "TeamProject\TeamProject.csproj", "{36FEABB9-81F6-4B4E-8247-E4B49F7C91D5}"
EndProject
Global
	GlobalSection(SolutionConfigurationPlatforms) = preSolution
		Debug|Any CPU = Debug|Any CPU
		Release|Any CPU = Release|Any CPU
	EndGlobalSection
	GlobalSection(ProjectConfigurationPlatforms) = postSolution
		{36FEABB9-81F6-4B4E-8247-E4B49F7C91D5}.Debug|Any CPU.ActiveCfg = Debug|Any CPU
		{36FEABB9-81F6-4B4E-8247-E4B49F7C91D5}.Debug|Any CPU.Build.0 = Debug|Any CPU
		{36FEABB9-81F6-4B4E-8247-E4B49F7C91D5}.Release|Any CPU.ActiveCfg = Release|Any CPU
		{36FEABB9-81F6-4B4E-8247-E4B49F7C91D5}.Release|Any CPU.Build.0 = Release|Any CPU
	EndGlobalSection
	GlobalSection(SolutionProperties) = preSolution
		HideSolutionNode = FALSE
	EndGlobalSection
	GlobalSection(ExtensibilityGlobals) = postSolution
		SolutionGuid = {3C6F0E0F-7194-4EA2-9B65-0198E5E4902A}
	EndGlobalSection
EndGlobal
